<?xml version="1.0" encoding="utf-8"?>
<Project ToolsVersion="4.0" xmlns="http://schemas.microsoft.com/developer/msbuild/2003">
  <ItemGroup>
    <Filter Include="Source Files">
      <UniqueIdentifier>{4FC737F1-C7A5-4376-A066-2A32D752A2FF}</UniqueIdentifier>
      <Extensions>cpp;c;cc;cxx;def;odl;idl;hpj;bat;asm;asmx</Extensions>
    </Filter>
    <Filter Include="Header Files">
      <UniqueIdentifier>{93995380-89BD-4b04-88EB-625FBE52EBFB}</UniqueIdentifier>
      <Extensions>h;hh;hpp;hxx;hm;inl;inc;xsd</Extensions>
    </Filter>
    <Filter Include="Resource Files">
      <UniqueIdentifier>{67DA6AB6-F800-4c08-8B7A-83BB121AAD01}</UniqueIdentifier>
      <Extensions>rc;ico;cur;bmp;dlg;rc2;rct;bin;rgs;gif;jpg;jpeg;jpe;resx;tiff;tif;png;wav;mfcribbon-ms</Extensions>
    </Filter>
    <Filter Include="Header Files\UI">
      <UniqueIdentifier>{437cbff0-df17-404e-8b77-1ea3f5713b80}</UniqueIdentifier>
    </Filter>
    <Filter Include="Header Files\DS">
      <UniqueIdentifier>{a510d0ae-8ae5-422f-a34f-97a3deada762}</UniqueIdentifier>
    </Filter>
    <Filter Include="Source Files\UI">
      <UniqueIdentifier>{5385b62c-c913-477e-8795-98266fe8aa32}</UniqueIdentifier>
    </Filter>
    <Filter Include="Source Files\DS">
      <UniqueIdentifier>{313aa9fb-ab19-4495-94c9-c3acd7f5dbfe}</UniqueIdentifier>
    </Filter>
  </ItemGroup>
  <ItemGroup>
    <ClCompile Include="Structures\Structure.cpp">
      <Filter>Source Files\DS</Filter>
    </ClCompile>
    <ClCompile Include="Structures\StructuresFactory.cpp">
      <Filter>Source Files\DS</Filter>
    </ClCompile>
    <ClCompile Include="Structures\DSRoutines.cpp">
      <Filter>Source Files\DS</Filter>
    </ClCompile>
    <ClCompile Include="Structures\Vector.cpp">
      <Filter>Source Files\DS</Filter>
    </ClCompile>
    <ClCompile Include="GUI\Routines.cpp">
      <Filter>Source Files\UI</Filter>
    </ClCompile>
    <ClCompile Include="formMain.cpp">
      <Filter>Source Files</Filter>
    </ClCompile>
    <ClCompile Include="GUI\Logger.cpp">
      <Filter>Source Files\UI</Filter>
    </ClCompile>
    <ClCompile Include="GUI\panelStructures.cpp">
      <Filter>Source Files\UI</Filter>
    </ClCompile>
    <ClCompile Include="GUI\panelVector.cpp">
      <Filter>Source Files\UI</Filter>
    </ClCompile>
    <ClCompile Include="GUI\panelArray.cpp">
      <Filter>Source Files\UI</Filter>
    </ClCompile>
    <ClCompile Include="GUI\panelList.cpp">
      <Filter>Source Files\UI</Filter>
    </ClCompile>
    <ClCompile Include="GUI\panelQueue.cpp">
      <Filter>Source Files\UI</Filter>
    </ClCompile>
    <ClCompile Include="GUI\panelStack.cpp">
      <Filter>Source Files\UI</Filter>
    </ClCompile>
    <ClCompile Include="GUI\panelPriorityQueue.cpp">
      <Filter>Source Files\UI</Filter>
    </ClCompile>
    <ClCompile Include="GUI\panelTree.cpp">
      <Filter>Source Files\UI</Filter>
    </ClCompile>
    <ClCompile Include="GUI\panelGraph.cpp">
      <Filter>Source Files\UI</Filter>
    </ClCompile>
    <ClCompile Include="GUI\panelTable.cpp">
      <Filter>Source Files\UI</Filter>
    </ClCompile>
    <ClCompile Include="GUI\panelSort.cpp">
      <Filter>Source Files\UI</Filter>
    </ClCompile>
    <ClCompile Include="GUI\UserData.cpp">
      <Filter>Source Files\UI</Filter>
    </ClCompile>
    <ClCompile Include="GUI\formData.cpp">
      <Filter>Source Files\UI</Filter>
    </ClCompile>
  </ItemGroup>
  <ItemGroup>
    <ClInclude Include="Structures\Structure.h">
      <Filter>Header Files\DS</Filter>
    </ClInclude>
    <ClInclude Include="Structures\StructuresFactory.h">
      <Filter>Header Files\DS</Filter>
    </ClInclude>
    <ClInclude Include="Structures\Vector.h">
      <Filter>Header Files\DS</Filter>
    </ClInclude>
    <ClInclude Include="GUI\Routines.h">
      <Filter>Header Files\UI</Filter>
    </ClInclude>
    <ClInclude Include="formMain.h">
      <Filter>Header Files</Filter>
    </ClInclude>
    <ClInclude Include="GUI\panelStructures.h">
      <Filter>Header Files</Filter>
    </ClInclude>
    <ClInclude Include="Structures\StructureID.h">
      <Filter>Header Files\DS</Filter>
    </ClInclude>
    <ClInclude Include="GUI\panelVector.h">
      <Filter>Header Files</Filter>
    </ClInclude>
    <ClInclude Include="GUI\PanelStructure.h">
      <Filter>Header Files\UI</Filter>
    </ClInclude>
    <ClInclude Include="GUI\Logger.h">
      <Filter>Header Files\UI</Filter>
    </ClInclude>
    <ClInclude Include="Structures\DSRoutines.h">
      <Filter>Header Files\DS</Filter>
    </ClInclude>
    <ClInclude Include="GUI\panelArray.h">
      <Filter>Header Files</Filter>
    </ClInclude>
    <ClInclude Include="GUI\formData.h">
      <Filter>Header Files\UI</Filter>
    </ClInclude>
    <ClInclude Include="GUI\UserData.h">
      <Filter>Header Files\UI</Filter>
    </ClInclude>
    <ClInclude Include="GUI\panelList.h">
      <Filter>Header Files</Filter>
    </ClInclude>
    <ClInclude Include="GUI\panelQueue.h">
      <Filter>Header Files</Filter>
    </ClInclude>
    <ClInclude Include="GUI\panelStack.h">
      <Filter>Header Files</Filter>
    </ClInclude>
    <ClInclude Include="GUI\panelPriorityQueue.h">
      <Filter>Header Files</Filter>
    </ClInclude>
    <ClInclude Include="GUI\panelTree.h">
      <Filter>Header Files</Filter>
    </ClInclude>
    <ClInclude Include="GUI\panelTable.h">
      <Filter>Header Files</Filter>
    </ClInclude>
    <ClInclude Include="GUI\panelSort.h">
      <Filter>Header Files</Filter>
    </ClInclude>
    <ClInclude Include="GUI\panelGraph.h">
      <Filter>Header Files</Filter>
    </ClInclude>
    <ClInclude Include="Structures\StructureItem.h">
      <Filter>Header Files\DS</Filter>
    </ClInclude>
    <ClInclude Include="Structures\Iterator.h">
      <Filter>Header Files\DS</Filter>
    </ClInclude>
  </ItemGroup>
  <ItemGroup>
    <EmbeddedResource Include="formMain.resx">
      <Filter>Resource Files</Filter>
    </EmbeddedResource>
    <EmbeddedResource Include="GUI\panelStructures.resx">
      <Filter>Resource Files</Filter>
    </EmbeddedResource>
    <EmbeddedResource Include="GUI\panelVector.resx">
      <Filter>Resource Files</Filter>
    </EmbeddedResource>
    <EmbeddedResource Include="GUI\panelArray.resx">
      <Filter>Resource Files</Filter>
    </EmbeddedResource>
    <EmbeddedResource Include="GUI\panelList.resx">
      <Filter>Resource Files</Filter>
    </EmbeddedResource>
    <EmbeddedResource Include="GUI\panelQueue.resx">
      <Filter>Resource Files</Filter>
    </EmbeddedResource>
    <EmbeddedResource Include="GUI\panelStack.resx">
      <Filter>Resource Files</Filter>
    </EmbeddedResource>
    <EmbeddedResource Include="GUI\panelPriorityQueue.resx">
      <Filter>Resource Files</Filter>
    </EmbeddedResource>
    <EmbeddedResource Include="GUI\panelTree.resx">
      <Filter>Resource Files</Filter>
    </EmbeddedResource>
    <EmbeddedResource Include="GUI\panelGraph.resx">
      <Filter>Resource Files</Filter>
    </EmbeddedResource>
    <EmbeddedResource Include="GUI\panelTable.resx">
      <Filter>Resource Files</Filter>
    </EmbeddedResource>
    <EmbeddedResource Include="GUI\formData.resx">
      <Filter>Resource Files</Filter>
    </EmbeddedResource>
  </ItemGroup>
  <ItemGroup>
    <None Include=".gitignore" />
  </ItemGroup>
</Project>